
Microsoft Visual Studio Solution File, Format Version 12.00
# Visual Studio Version 17
VisualStudioVersion = 17.4.33205.214
MinimumVisualStudioVersion = 10.0.40219.1
Project("{FAE04EC0-301F-11D3-BF4B-00C04F79EFBC}") = "lab-OOP-2-2", "lab-OOP-2-2\lab-OOP-2-2.csproj", "{13A0C150-419F-4184-9D42-D3D416333ED0}"
EndProject
Global
	GlobalSection(SolutionConfigurationPlatforms) = preSolution
		Debug|Any CPU = Debug|Any CPU
		Release|Any CPU = Release|Any CPU
	EndGlobalSection
	GlobalSection(ProjectConfigurationPlatforms) = postSolution
		{13A0C150-419F-4184-9D42-D3D416333ED0}.Debug|Any CPU.ActiveCfg = Debug|Any CPU
		{13A0C150-419F-4184-9D42-D3D416333ED0}.Debug|Any CPU.Build.0 = Debug|Any CPU
		{13A0C150-419F-4184-9D42-D3D416333ED0}.Release|Any CPU.ActiveCfg = Release|Any CPU
		{13A0C150-419F-4184-9D42-D3D416333ED0}.Release|Any CPU.Build.0 = Release|Any CPU
	EndGlobalSection
	GlobalSection(SolutionProperties) = preSolution
		HideSolutionNode = FALSE
	EndGlobalSection
	GlobalSection(ExtensibilityGlobals) = postSolution
		SolutionGuid = {C3699FE4-17A6-48AE-B6C7-21F09C05419D}
	EndGlobalSection
EndGlobal
