
Microsoft Visual Studio Solution File, Format Version 12.00
# Visual Studio Version 17
VisualStudioVersion = 17.5.33530.505
MinimumVisualStudioVersion = 10.0.40219.1
Project("{FAE04EC0-301F-11D3-BF4B-00C04F79EFBC}") = "lab_OOP-2-3-Final", "lab_OOP-2-3-Final\lab_OOP-2-3-Final.csproj", "{5CA6065F-8E36-4721-93A9-9832193D60BD}"
EndProject
Global
	GlobalSection(SolutionConfigurationPlatforms) = preSolution
		Debug|Any CPU = Debug|Any CPU
		Release|Any CPU = Release|Any CPU
	EndGlobalSection
	GlobalSection(ProjectConfigurationPlatforms) = postSolution
		{5CA6065F-8E36-4721-93A9-9832193D60BD}.Debug|Any CPU.ActiveCfg = Debug|Any CPU
		{5CA6065F-8E36-4721-93A9-9832193D60BD}.Debug|Any CPU.Build.0 = Debug|Any CPU
		{5CA6065F-8E36-4721-93A9-9832193D60BD}.Release|Any CPU.ActiveCfg = Release|Any CPU
		{5CA6065F-8E36-4721-93A9-9832193D60BD}.Release|Any CPU.Build.0 = Release|Any CPU
	EndGlobalSection
	GlobalSection(SolutionProperties) = preSolution
		HideSolutionNode = FALSE
	EndGlobalSection
	GlobalSection(ExtensibilityGlobals) = postSolution
		SolutionGuid = {081C0DF9-6640-4AB4-A062-7B9759873DEA}
	EndGlobalSection
EndGlobal
